// !$*UTF8*$!
{
	archiveVersion = 1;
	classes = {
	};
	objectVersion = 56;
	objects = {

/* Begin PBXBuildFile section */
		AE06EBF0294D16BB006CAB67 /* MioceneApp.swift in Sources */ = {isa = PBXBuildFile; fileRef = AE06EBEF294D16BB006CAB67 /* MioceneApp.swift */; };
		AE06EBF2294D16BB006CAB67 /* ContentView.swift in Sources */ = {isa = PBXBuildFile; fileRef = AE06EBF1294D16BB006CAB67 /* ContentView.swift */; };
		AE06EBF4294D16BC006CAB67 /* Assets.xcassets in Resources */ = {isa = PBXBuildFile; fileRef = AE06EBF3294D16BC006CAB67 /* Assets.xcassets */; };
		AE06EBF8294D16BC006CAB67 /* Preview Assets.xcassets in Resources */ = {isa = PBXBuildFile; fileRef = AE06EBF7294D16BC006CAB67 /* Preview Assets.xcassets */; };
		AE06EC02294D1D1D006CAB67 /* Post.swift in Sources */ = {isa = PBXBuildFile; fileRef = AE06EC01294D1D1D006CAB67 /* Post.swift */; };
		AE06EC04294D234D006CAB67 /* MastodonIO.swift in Sources */ = {isa = PBXBuildFile; fileRef = AE06EC03294D234D006CAB67 /* MastodonIO.swift */; };
		AE28C5D82953C8A500C8C928 /* NewPostButton.swift in Sources */ = {isa = PBXBuildFile; fileRef = AE28C5D72953C8A500C8C928 /* NewPostButton.swift */; };
		AE28C5DA295A7ACE00C8C928 /* SearchView.swift in Sources */ = {isa = PBXBuildFile; fileRef = AE28C5D9295A7ACE00C8C928 /* SearchView.swift */; };
		AE28C5E4295CE9F900C8C928 /* TimeLineView.swift in Sources */ = {isa = PBXBuildFile; fileRef = AE28C5E3295CE9F900C8C928 /* TimeLineView.swift */; };
		AE28C5E6295CEDCE00C8C928 /* AccountView.swift in Sources */ = {isa = PBXBuildFile; fileRef = AE28C5E5295CEDCE00C8C928 /* AccountView.swift */; };
		AE28C5EC295E4B1C00C8C928 /* AccountSmall.swift in Sources */ = {isa = PBXBuildFile; fileRef = AE28C5EB295E4B1C00C8C928 /* AccountSmall.swift */; };
		AE28C5EE29634C0B00C8C928 /* AddAccountButton.swift in Sources */ = {isa = PBXBuildFile; fileRef = AE28C5ED29634C0B00C8C928 /* AddAccountButton.swift */; };
		AE28C5F029635CAA00C8C928 /* Keys.swift in Sources */ = {isa = PBXBuildFile; fileRef = AE28C5EF29635CAA00C8C928 /* Keys.swift */; };
		AE28C5F429635DE600C8C928 /* KeychainSwift in Frameworks */ = {isa = PBXBuildFile; productRef = AE28C5F329635DE600C8C928 /* KeychainSwift */; };
		AE28C5F72963717D00C8C928 /* GRDB in Frameworks */ = {isa = PBXBuildFile; productRef = AE28C5F62963717D00C8C928 /* GRDB */; };
		AE28C5F92963719B00C8C928 /* SqliteDB.swift in Sources */ = {isa = PBXBuildFile; fileRef = AE28C5F82963719B00C8C928 /* SqliteDB.swift */; };
		AE28C5FB2963727500C8C928 /* LocalAccountRecord.swift in Sources */ = {isa = PBXBuildFile; fileRef = AE28C5FA2963727500C8C928 /* LocalAccountRecord.swift */; };
		AE28C5FD29648C2400C8C928 /* SettingsView.swift in Sources */ = {isa = PBXBuildFile; fileRef = AE28C5FC29648C2400C8C928 /* SettingsView.swift */; };
		AE28C5FF296524AE00C8C928 /* AlertSystem.swift in Sources */ = {isa = PBXBuildFile; fileRef = AE28C5FE296524AE00C8C928 /* AlertSystem.swift */; };
		AE28C60329663A5B00C8C928 /* AccountLarge.swift in Sources */ = {isa = PBXBuildFile; fileRef = AE28C60229663A5B00C8C928 /* AccountLarge.swift */; };
		AE28C609296CC65800C8C928 /* NotificationView.swift in Sources */ = {isa = PBXBuildFile; fileRef = AE28C608296CC65800C8C928 /* NotificationView.swift */; };
		AE28C60B296E1CF200C8C928 /* Utils.swift in Sources */ = {isa = PBXBuildFile; fileRef = AE28C60A296E1CF200C8C928 /* Utils.swift */; };
		AE28C60D296EE9F800C8C928 /* MFont.swift in Sources */ = {isa = PBXBuildFile; fileRef = AE28C60C296EE9F800C8C928 /* MFont.swift */; };
		AE28C60F296F25CD00C8C928 /* Themes.swift in Sources */ = {isa = PBXBuildFile; fileRef = AE28C60E296F25CD00C8C928 /* Themes.swift */; };
		AE28C611296F48FD00C8C928 /* PollView.swift in Sources */ = {isa = PBXBuildFile; fileRef = AE28C610296F48FD00C8C928 /* PollView.swift */; };
		AE28C6182972F68300C8C928 /* MastodonKit in Frameworks */ = {isa = PBXBuildFile; productRef = AE28C6172972F68300C8C928 /* MastodonKit */; };
		AE28C61C297349C900C8C928 /* PollBuilder.swift in Sources */ = {isa = PBXBuildFile; fileRef = AE28C61B297349C900C8C928 /* PollBuilder.swift */; };
		AE9A85D6295629C100E8B193 /* Settings.swift in Sources */ = {isa = PBXBuildFile; fileRef = AE9A85D5295629C100E8B193 /* Settings.swift */; };
		AE9CCCF3299597F100FB3449 /* FiltersView.swift in Sources */ = {isa = PBXBuildFile; fileRef = AE9CCCF2299597F100FB3449 /* FiltersView.swift */; };
		AEAFA2D72979D2E300970F40 /* EditPost.swift in Sources */ = {isa = PBXBuildFile; fileRef = AEAFA2D62979D2DD00970F40 /* EditPost.swift */; };
		AEAFA2DC297A3FD900970F40 /* Localizable.strings in Resources */ = {isa = PBXBuildFile; fileRef = AEAFA2DE297A3FD900970F40 /* Localizable.strings */; };
		AEAFA2E1297C261700970F40 /* AppState.swift in Sources */ = {isa = PBXBuildFile; fileRef = AEAFA2E0297C261700970F40 /* AppState.swift */; };
		AEAFA2E3297DACE300970F40 /* MAccount.swift in Sources */ = {isa = PBXBuildFile; fileRef = AEAFA2E2297DACE300970F40 /* MAccount.swift */; };
		AEAFA2E6297DD54600970F40 /* MStatus.swift in Sources */ = {isa = PBXBuildFile; fileRef = AEAFA2E5297DD54600970F40 /* MStatus.swift */; };
		AEAFA2E8297DD59200970F40 /* MNotification.swift in Sources */ = {isa = PBXBuildFile; fileRef = AEAFA2E7297DD59200970F40 /* MNotification.swift */; };
		AEAFA2EC297EED5B00970F40 /* Filters.swift in Sources */ = {isa = PBXBuildFile; fileRef = AEAFA2EB297EED5B00970F40 /* Filters.swift */; };
		AEAFA2EF297F4BBF00970F40 /* SwiftyGif in Frameworks */ = {isa = PBXBuildFile; productRef = AEAFA2EE297F4BBF00970F40 /* SwiftyGif */; };
		AEAFA2F129807C9B00970F40 /* PopMenuButton.swift in Sources */ = {isa = PBXBuildFile; fileRef = AEAFA2F029807C9B00970F40 /* PopMenuButton.swift */; };
		AED3518B299D92AA00082074 /* AddAccountPanel.swift in Sources */ = {isa = PBXBuildFile; fileRef = AED3518A299D92AA00082074 /* AddAccountPanel.swift */; };
		AEE6EB79298A080700463A71 /* ShowImagePanel.swift in Sources */ = {isa = PBXBuildFile; fileRef = AEE6EB78298A080700463A71 /* ShowImagePanel.swift */; };
		AEE7F88729916B9E0030C7F3 /* TimelineManager.swift in Sources */ = {isa = PBXBuildFile; fileRef = AEE7F88629916B9E0030C7F3 /* TimelineManager.swift */; };
/* End PBXBuildFile section */

/* Begin PBXFileReference section */
		AE06EBEC294D16BB006CAB67 /* Miocene.app */ = {isa = PBXFileReference; explicitFileType = wrapper.application; includeInIndex = 0; path = Miocene.app; sourceTree = BUILT_PRODUCTS_DIR; };
		AE06EBEF294D16BB006CAB67 /* MioceneApp.swift */ = {isa = PBXFileReference; lastKnownFileType = sourcecode.swift; path = MioceneApp.swift; sourceTree = "<group>"; };
		AE06EBF1294D16BB006CAB67 /* ContentView.swift */ = {isa = PBXFileReference; lastKnownFileType = sourcecode.swift; path = ContentView.swift; sourceTree = "<group>"; };
		AE06EBF3294D16BC006CAB67 /* Assets.xcassets */ = {isa = PBXFileReference; lastKnownFileType = folder.assetcatalog; path = Assets.xcassets; sourceTree = "<group>"; };
		AE06EBF5294D16BC006CAB67 /* Miocene.entitlements */ = {isa = PBXFileReference; lastKnownFileType = text.plist.entitlements; path = Miocene.entitlements; sourceTree = "<group>"; };
		AE06EBF7294D16BC006CAB67 /* Preview Assets.xcassets */ = {isa = PBXFileReference; lastKnownFileType = folder.assetcatalog; path = "Preview Assets.xcassets"; sourceTree = "<group>"; };
		AE06EC01294D1D1D006CAB67 /* Post.swift */ = {isa = PBXFileReference; lastKnownFileType = sourcecode.swift; path = Post.swift; sourceTree = "<group>"; };
		AE06EC03294D234D006CAB67 /* MastodonIO.swift */ = {isa = PBXFileReference; lastKnownFileType = sourcecode.swift; path = MastodonIO.swift; sourceTree = "<group>"; };
		AE11F8BE299AE55C0007D0FA /* MastodonKit-Rob */ = {isa = PBXFileReference; lastKnownFileType = wrapper; name = "MastodonKit-Rob"; path = "../MastodonKit-Rob"; sourceTree = "<group>"; };
		AE28C5D72953C8A500C8C928 /* NewPostButton.swift */ = {isa = PBXFileReference; lastKnownFileType = sourcecode.swift; path = NewPostButton.swift; sourceTree = "<group>"; };
		AE28C5D9295A7ACE00C8C928 /* SearchView.swift */ = {isa = PBXFileReference; fileEncoding = 4; lastKnownFileType = sourcecode.swift; path = SearchView.swift; sourceTree = "<group>"; };
		AE28C5E3295CE9F900C8C928 /* TimeLineView.swift */ = {isa = PBXFileReference; lastKnownFileType = sourcecode.swift; path = TimeLineView.swift; sourceTree = "<group>"; };
		AE28C5E5295CEDCE00C8C928 /* AccountView.swift */ = {isa = PBXFileReference; lastKnownFileType = sourcecode.swift; path = AccountView.swift; sourceTree = "<group>"; };
		AE28C5EB295E4B1C00C8C928 /* AccountSmall.swift */ = {isa = PBXFileReference; lastKnownFileType = sourcecode.swift; path = AccountSmall.swift; sourceTree = "<group>"; };
		AE28C5ED29634C0B00C8C928 /* AddAccountButton.swift */ = {isa = PBXFileReference; fileEncoding = 4; lastKnownFileType = sourcecode.swift; path = AddAccountButton.swift; sourceTree = "<group>"; };
		AE28C5EF29635CAA00C8C928 /* Keys.swift */ = {isa = PBXFileReference; lastKnownFileType = sourcecode.swift; path = Keys.swift; sourceTree = "<group>"; };
		AE28C5F82963719B00C8C928 /* SqliteDB.swift */ = {isa = PBXFileReference; lastKnownFileType = sourcecode.swift; path = SqliteDB.swift; sourceTree = "<group>"; };
		AE28C5FA2963727500C8C928 /* LocalAccountRecord.swift */ = {isa = PBXFileReference; lastKnownFileType = sourcecode.swift; path = LocalAccountRecord.swift; sourceTree = "<group>"; };
		AE28C5FC29648C2400C8C928 /* SettingsView.swift */ = {isa = PBXFileReference; lastKnownFileType = sourcecode.swift; path = SettingsView.swift; sourceTree = "<group>"; };
		AE28C5FE296524AE00C8C928 /* AlertSystem.swift */ = {isa = PBXFileReference; lastKnownFileType = sourcecode.swift; path = AlertSystem.swift; sourceTree = "<group>"; };
		AE28C60229663A5B00C8C928 /* AccountLarge.swift */ = {isa = PBXFileReference; lastKnownFileType = sourcecode.swift; path = AccountLarge.swift; sourceTree = "<group>"; };
		AE28C608296CC65800C8C928 /* NotificationView.swift */ = {isa = PBXFileReference; fileEncoding = 4; lastKnownFileType = sourcecode.swift; path = NotificationView.swift; sourceTree = "<group>"; };
		AE28C60A296E1CF200C8C928 /* Utils.swift */ = {isa = PBXFileReference; lastKnownFileType = sourcecode.swift; path = Utils.swift; sourceTree = "<group>"; };
		AE28C60C296EE9F800C8C928 /* MFont.swift */ = {isa = PBXFileReference; lastKnownFileType = sourcecode.swift; path = MFont.swift; sourceTree = "<group>"; };
		AE28C60E296F25CD00C8C928 /* Themes.swift */ = {isa = PBXFileReference; lastKnownFileType = sourcecode.swift; path = Themes.swift; sourceTree = "<group>"; };
		AE28C610296F48FD00C8C928 /* PollView.swift */ = {isa = PBXFileReference; lastKnownFileType = sourcecode.swift; path = PollView.swift; sourceTree = "<group>"; };
		AE28C61B297349C900C8C928 /* PollBuilder.swift */ = {isa = PBXFileReference; lastKnownFileType = sourcecode.swift; path = PollBuilder.swift; sourceTree = "<group>"; };
		AE9A85D5295629C100E8B193 /* Settings.swift */ = {isa = PBXFileReference; lastKnownFileType = sourcecode.swift; path = Settings.swift; sourceTree = "<group>"; };
		AE9CCCF2299597F100FB3449 /* FiltersView.swift */ = {isa = PBXFileReference; lastKnownFileType = sourcecode.swift; path = FiltersView.swift; sourceTree = "<group>"; };
		AEAFA2D62979D2DD00970F40 /* EditPost.swift */ = {isa = PBXFileReference; lastKnownFileType = sourcecode.swift; path = EditPost.swift; sourceTree = "<group>"; };
		AEAFA2DD297A3FD900970F40 /* en */ = {isa = PBXFileReference; lastKnownFileType = text.plist.strings; name = en; path = en.lproj/Localizable.strings; sourceTree = "<group>"; };
		AEAFA2E0297C261700970F40 /* AppState.swift */ = {isa = PBXFileReference; lastKnownFileType = sourcecode.swift; path = AppState.swift; sourceTree = "<group>"; };
		AEAFA2E2297DACE300970F40 /* MAccount.swift */ = {isa = PBXFileReference; lastKnownFileType = sourcecode.swift; path = MAccount.swift; sourceTree = "<group>"; };
		AEAFA2E5297DD54600970F40 /* MStatus.swift */ = {isa = PBXFileReference; lastKnownFileType = sourcecode.swift; path = MStatus.swift; sourceTree = "<group>"; };
		AEAFA2E7297DD59200970F40 /* MNotification.swift */ = {isa = PBXFileReference; lastKnownFileType = sourcecode.swift; path = MNotification.swift; sourceTree = "<group>"; };
		AEAFA2EB297EED5B00970F40 /* Filters.swift */ = {isa = PBXFileReference; fileEncoding = 4; lastKnownFileType = sourcecode.swift; path = Filters.swift; sourceTree = "<group>"; };
		AEAFA2F029807C9B00970F40 /* PopMenuButton.swift */ = {isa = PBXFileReference; lastKnownFileType = sourcecode.swift; path = PopMenuButton.swift; sourceTree = "<group>"; };
		AED3518A299D92AA00082074 /* AddAccountPanel.swift */ = {isa = PBXFileReference; lastKnownFileType = sourcecode.swift; path = AddAccountPanel.swift; sourceTree = "<group>"; };
		AED3518C299E761700082074 /* Info.plist */ = {isa = PBXFileReference; lastKnownFileType = text.plist; path = Info.plist; sourceTree = "<group>"; };
		AEE6EB772985CBC300463A71 /* Notes.txt */ = {isa = PBXFileReference; lastKnownFileType = text; path = Notes.txt; sourceTree = "<group>"; };
		AEE6EB78298A080700463A71 /* ShowImagePanel.swift */ = {isa = PBXFileReference; lastKnownFileType = sourcecode.swift; path = ShowImagePanel.swift; sourceTree = "<group>"; };
		AEE7F88629916B9E0030C7F3 /* TimelineManager.swift */ = {isa = PBXFileReference; lastKnownFileType = sourcecode.swift; path = TimelineManager.swift; sourceTree = "<group>"; };
/* End PBXFileReference section */

/* Begin PBXFrameworksBuildPhase section */
		AE06EBE9294D16BB006CAB67 /* Frameworks */ = {
			isa = PBXFrameworksBuildPhase;
			buildActionMask = 2147483647;
			files = (
				AE28C6182972F68300C8C928 /* MastodonKit in Frameworks */,
				AEAFA2EF297F4BBF00970F40 /* SwiftyGif in Frameworks */,
				AE28C5F72963717D00C8C928 /* GRDB in Frameworks */,
				AE28C5F429635DE600C8C928 /* KeychainSwift in Frameworks */,
			);
			runOnlyForDeploymentPostprocessing = 0;
		};
/* End PBXFrameworksBuildPhase section */

/* Begin PBXGroup section */
		AE06EBE3294D16BB006CAB67 = {
			isa = PBXGroup;
			children = (
				AE11F8BE299AE55C0007D0FA /* MastodonKit-Rob */,
				AEAFA2DE297A3FD900970F40 /* Localizable.strings */,
				AE06EBEE294D16BB006CAB67 /* Miocene */,
				AE06EBED294D16BB006CAB67 /* Products */,
				AE28C5DD295B6EEE00C8C928 /* Frameworks */,
			);
			sourceTree = "<group>";
		};
		AE06EBED294D16BB006CAB67 /* Products */ = {
			isa = PBXGroup;
			children = (
				AE06EBEC294D16BB006CAB67 /* Miocene.app */,
			);
			name = Products;
			sourceTree = "<group>";
		};
		AE06EBEE294D16BB006CAB67 /* Miocene */ = {
			isa = PBXGroup;
			children = (
				AEE6EB772985CBC300463A71 /* Notes.txt */,
				AED3518C299E761700082074 /* Info.plist */,
				AE9CCCF529959A9B00FB3449 /* Main */,
				AEAFA2DF297B279E00970F40 /* MainViews */,
				AE9CCCF429959A7C00FB3449 /* Filters */,
				AEAFA2EA297DDA5200970F40 /* Posts */,
				AEAFA2E9297DDA3900970F40 /* Accounts */,
				AEAFA2E4297DD53800970F40 /* Models */,
				AED7E182297716250053D0C9 /* Settings */,
				AED7E1812976436A0053D0C9 /* Utils */,
				AE06EBF3294D16BC006CAB67 /* Assets.xcassets */,
				AE06EBF5294D16BC006CAB67 /* Miocene.entitlements */,
				AE06EBF6294D16BC006CAB67 /* Preview Content */,
			);
			path = Miocene;
			sourceTree = "<group>";
		};
		AE06EBF6294D16BC006CAB67 /* Preview Content */ = {
			isa = PBXGroup;
			children = (
				AE06EBF7294D16BC006CAB67 /* Preview Assets.xcassets */,
			);
			path = "Preview Content";
			sourceTree = "<group>";
		};
		AE28C5DD295B6EEE00C8C928 /* Frameworks */ = {
			isa = PBXGroup;
			children = (
			);
			name = Frameworks;
			sourceTree = "<group>";
		};
		AE9CCCF429959A7C00FB3449 /* Filters */ = {
			isa = PBXGroup;
			children = (
				AEAFA2EB297EED5B00970F40 /* Filters.swift */,
				AE9CCCF2299597F100FB3449 /* FiltersView.swift */,
			);
			path = Filters;
			sourceTree = "<group>";
		};
		AE9CCCF529959A9B00FB3449 /* Main */ = {
			isa = PBXGroup;
			children = (
				AE06EBEF294D16BB006CAB67 /* MioceneApp.swift */,
				AEE7F88629916B9E0030C7F3 /* TimelineManager.swift */,
				AE06EC03294D234D006CAB67 /* MastodonIO.swift */,
				AEAFA2E0297C261700970F40 /* AppState.swift */,
			);
			path = Main;
			sourceTree = "<group>";
		};
		AEAFA2DF297B279E00970F40 /* MainViews */ = {
			isa = PBXGroup;
			children = (
				AE28C608296CC65800C8C928 /* NotificationView.swift */,
				AE06EBF1294D16BB006CAB67 /* ContentView.swift */,
				AE28C5E3295CE9F900C8C928 /* TimeLineView.swift */,
				AE28C5D9295A7ACE00C8C928 /* SearchView.swift */,
			);
			path = MainViews;
			sourceTree = "<group>";
		};
		AEAFA2E4297DD53800970F40 /* Models */ = {
			isa = PBXGroup;
			children = (
				AEAFA2E5297DD54600970F40 /* MStatus.swift */,
				AEAFA2E7297DD59200970F40 /* MNotification.swift */,
				AEAFA2E2297DACE300970F40 /* MAccount.swift */,
			);
			path = Models;
			sourceTree = "<group>";
		};
		AEAFA2E9297DDA3900970F40 /* Accounts */ = {
			isa = PBXGroup;
			children = (
				AE28C5E5295CEDCE00C8C928 /* AccountView.swift */,
				AE28C60229663A5B00C8C928 /* AccountLarge.swift */,
				AE28C5EB295E4B1C00C8C928 /* AccountSmall.swift */,
				AE28C5FA2963727500C8C928 /* LocalAccountRecord.swift */,
				AE28C5ED29634C0B00C8C928 /* AddAccountButton.swift */,
				AED3518A299D92AA00082074 /* AddAccountPanel.swift */,
			);
			path = Accounts;
			sourceTree = "<group>";
		};
		AEAFA2EA297DDA5200970F40 /* Posts */ = {
			isa = PBXGroup;
			children = (
				AE28C610296F48FD00C8C928 /* PollView.swift */,
				AE28C61B297349C900C8C928 /* PollBuilder.swift */,
				AEAFA2D62979D2DD00970F40 /* EditPost.swift */,
				AE06EC01294D1D1D006CAB67 /* Post.swift */,
				AE28C5D72953C8A500C8C928 /* NewPostButton.swift */,
				AEE6EB78298A080700463A71 /* ShowImagePanel.swift */,
			);
			path = Posts;
			sourceTree = "<group>";
		};
		AED7E1812976436A0053D0C9 /* Utils */ = {
			isa = PBXGroup;
			children = (
				AE28C5FE296524AE00C8C928 /* AlertSystem.swift */,
				AE28C5F82963719B00C8C928 /* SqliteDB.swift */,
				AE28C5EF29635CAA00C8C928 /* Keys.swift */,
				AE28C60A296E1CF200C8C928 /* Utils.swift */,
				AEAFA2F029807C9B00970F40 /* PopMenuButton.swift */,
			);
			path = Utils;
			sourceTree = "<group>";
		};
		AED7E182297716250053D0C9 /* Settings */ = {
			isa = PBXGroup;
			children = (
				AE28C60E296F25CD00C8C928 /* Themes.swift */,
				AE28C60C296EE9F800C8C928 /* MFont.swift */,
				AE9A85D5295629C100E8B193 /* Settings.swift */,
				AE28C5FC29648C2400C8C928 /* SettingsView.swift */,
			);
			path = Settings;
			sourceTree = "<group>";
		};
/* End PBXGroup section */

/* Begin PBXNativeTarget section */
		AE06EBEB294D16BB006CAB67 /* Miocene */ = {
			isa = PBXNativeTarget;
			buildConfigurationList = AE06EBFB294D16BC006CAB67 /* Build configuration list for PBXNativeTarget "Miocene" */;
			buildPhases = (
				AE06EBE8294D16BB006CAB67 /* Sources */,
				AE06EBE9294D16BB006CAB67 /* Frameworks */,
				AE06EBEA294D16BB006CAB67 /* Resources */,
			);
			buildRules = (
			);
			dependencies = (
			);
			name = Miocene;
			packageProductDependencies = (
				AE28C5F329635DE600C8C928 /* KeychainSwift */,
				AE28C5F62963717D00C8C928 /* GRDB */,
				AE28C6172972F68300C8C928 /* MastodonKit */,
				AEAFA2EE297F4BBF00970F40 /* SwiftyGif */,
			);
			productName = Miocene;
			productReference = AE06EBEC294D16BB006CAB67 /* Miocene.app */;
			productType = "com.apple.product-type.application";
		};
/* End PBXNativeTarget section */

/* Begin PBXProject section */
		AE06EBE4294D16BB006CAB67 /* Project object */ = {
			isa = PBXProject;
			attributes = {
				BuildIndependentTargetsInParallel = 1;
				LastSwiftUpdateCheck = 1420;
				LastUpgradeCheck = 1430;
				TargetAttributes = {
					AE06EBEB294D16BB006CAB67 = {
						CreatedOnToolsVersion = 14.2;
					};
				};
			};
			buildConfigurationList = AE06EBE7294D16BB006CAB67 /* Build configuration list for PBXProject "Miocene" */;
			compatibilityVersion = "Xcode 14.0";
			developmentRegion = en;
			hasScannedForEncodings = 0;
			knownRegions = (
				en,
				Base,
			);
			mainGroup = AE06EBE3294D16BB006CAB67;
			packageReferences = (
				AE28C5F229635DE600C8C928 /* XCRemoteSwiftPackageReference "keychain-swift" */,
				AE28C5F52963717D00C8C928 /* XCRemoteSwiftPackageReference "GRDB.swift" */,
				AEAFA2ED297F4BBF00970F40 /* XCRemoteSwiftPackageReference "SwiftyGif" */,
			);
			productRefGroup = AE06EBED294D16BB006CAB67 /* Products */;
			projectDirPath = "";
			projectRoot = "";
			targets = (
				AE06EBEB294D16BB006CAB67 /* Miocene */,
			);
		};
/* End PBXProject section */

/* Begin PBXResourcesBuildPhase section */
		AE06EBEA294D16BB006CAB67 /* Resources */ = {
			isa = PBXResourcesBuildPhase;
			buildActionMask = 2147483647;
			files = (
				AE06EBF8294D16BC006CAB67 /* Preview Assets.xcassets in Resources */,
				AEAFA2DC297A3FD900970F40 /* Localizable.strings in Resources */,
				AE06EBF4294D16BC006CAB67 /* Assets.xcassets in Resources */,
			);
			runOnlyForDeploymentPostprocessing = 0;
		};
/* End PBXResourcesBuildPhase section */

/* Begin PBXSourcesBuildPhase section */
		AE06EBE8294D16BB006CAB67 /* Sources */ = {
			isa = PBXSourcesBuildPhase;
			buildActionMask = 2147483647;
			files = (
				AE28C5FD29648C2400C8C928 /* SettingsView.swift in Sources */,
				AE28C611296F48FD00C8C928 /* PollView.swift in Sources */,
				AEE7F88729916B9E0030C7F3 /* TimelineManager.swift in Sources */,
				AE28C5E4295CE9F900C8C928 /* TimeLineView.swift in Sources */,
				AE9CCCF3299597F100FB3449 /* FiltersView.swift in Sources */,
				AE28C60329663A5B00C8C928 /* AccountLarge.swift in Sources */,
				AE28C5F029635CAA00C8C928 /* Keys.swift in Sources */,
				AEE6EB79298A080700463A71 /* ShowImagePanel.swift in Sources */,
				AE9A85D6295629C100E8B193 /* Settings.swift in Sources */,
				AE06EC02294D1D1D006CAB67 /* Post.swift in Sources */,
				AE28C61C297349C900C8C928 /* PollBuilder.swift in Sources */,
				AE06EBF2294D16BB006CAB67 /* ContentView.swift in Sources */,
				AE28C60F296F25CD00C8C928 /* Themes.swift in Sources */,
				AE28C5EE29634C0B00C8C928 /* AddAccountButton.swift in Sources */,
				AEAFA2E6297DD54600970F40 /* MStatus.swift in Sources */,
				AEAFA2F129807C9B00970F40 /* PopMenuButton.swift in Sources */,
				AEAFA2E3297DACE300970F40 /* MAccount.swift in Sources */,
				AE06EC04294D234D006CAB67 /* MastodonIO.swift in Sources */,
				AED3518B299D92AA00082074 /* AddAccountPanel.swift in Sources */,
				AE28C5F92963719B00C8C928 /* SqliteDB.swift in Sources */,
				AEAFA2D72979D2E300970F40 /* EditPost.swift in Sources */,
				AE28C5EC295E4B1C00C8C928 /* AccountSmall.swift in Sources */,
				AE28C5D82953C8A500C8C928 /* NewPostButton.swift in Sources */,
				AEAFA2EC297EED5B00970F40 /* Filters.swift in Sources */,
				AEAFA2E1297C261700970F40 /* AppState.swift in Sources */,
				AE28C5FF296524AE00C8C928 /* AlertSystem.swift in Sources */,
				AE28C5E6295CEDCE00C8C928 /* AccountView.swift in Sources */,
				AE06EBF0294D16BB006CAB67 /* MioceneApp.swift in Sources */,
				AEAFA2E8297DD59200970F40 /* MNotification.swift in Sources */,
				AE28C5DA295A7ACE00C8C928 /* SearchView.swift in Sources */,
				AE28C60D296EE9F800C8C928 /* MFont.swift in Sources */,
				AE28C5FB2963727500C8C928 /* LocalAccountRecord.swift in Sources */,
				AE28C60B296E1CF200C8C928 /* Utils.swift in Sources */,
				AE28C609296CC65800C8C928 /* NotificationView.swift in Sources */,
			);
			runOnlyForDeploymentPostprocessing = 0;
		};
/* End PBXSourcesBuildPhase section */

/* Begin PBXVariantGroup section */
		AEAFA2DE297A3FD900970F40 /* Localizable.strings */ = {
			isa = PBXVariantGroup;
			children = (
				AEAFA2DD297A3FD900970F40 /* en */,
			);
			name = Localizable.strings;
			sourceTree = "<group>";
		};
/* End PBXVariantGroup section */

/* Begin XCBuildConfiguration section */
		AE06EBF9294D16BC006CAB67 /* Debug */ = {
			isa = XCBuildConfiguration;
			buildSettings = {
				ALWAYS_SEARCH_USER_PATHS = NO;
				CLANG_ANALYZER_NONNULL = YES;
				CLANG_ANALYZER_NUMBER_OBJECT_CONVERSION = YES_AGGRESSIVE;
				CLANG_CXX_LANGUAGE_STANDARD = "gnu++20";
				CLANG_ENABLE_MODULES = YES;
				CLANG_ENABLE_OBJC_ARC = YES;
				CLANG_ENABLE_OBJC_WEAK = YES;
				CLANG_WARN_BLOCK_CAPTURE_AUTORELEASING = YES;
				CLANG_WARN_BOOL_CONVERSION = YES;
				CLANG_WARN_COMMA = YES;
				CLANG_WARN_CONSTANT_CONVERSION = YES;
				CLANG_WARN_DEPRECATED_OBJC_IMPLEMENTATIONS = YES;
				CLANG_WARN_DIRECT_OBJC_ISA_USAGE = YES_ERROR;
				CLANG_WARN_DOCUMENTATION_COMMENTS = YES;
				CLANG_WARN_EMPTY_BODY = YES;
				CLANG_WARN_ENUM_CONVERSION = YES;
				CLANG_WARN_INFINITE_RECURSION = YES;
				CLANG_WARN_INT_CONVERSION = YES;
				CLANG_WARN_NON_LITERAL_NULL_CONVERSION = YES;
				CLANG_WARN_OBJC_IMPLICIT_RETAIN_SELF = YES;
				CLANG_WARN_OBJC_LITERAL_CONVERSION = YES;
				CLANG_WARN_OBJC_ROOT_CLASS = YES_ERROR;
				CLANG_WARN_QUOTED_INCLUDE_IN_FRAMEWORK_HEADER = YES;
				CLANG_WARN_RANGE_LOOP_ANALYSIS = YES;
				CLANG_WARN_STRICT_PROTOTYPES = YES;
				CLANG_WARN_SUSPICIOUS_MOVE = YES;
				CLANG_WARN_UNGUARDED_AVAILABILITY = YES_AGGRESSIVE;
				CLANG_WARN_UNREACHABLE_CODE = YES;
				CLANG_WARN__DUPLICATE_METHOD_MATCH = YES;
				COPY_PHASE_STRIP = NO;
				DEAD_CODE_STRIPPING = YES;
				DEBUG_INFORMATION_FORMAT = dwarf;
				ENABLE_STRICT_OBJC_MSGSEND = YES;
				ENABLE_TESTABILITY = YES;
				GCC_C_LANGUAGE_STANDARD = gnu11;
				GCC_DYNAMIC_NO_PIC = NO;
				GCC_NO_COMMON_BLOCKS = YES;
				GCC_OPTIMIZATION_LEVEL = 0;
				GCC_PREPROCESSOR_DEFINITIONS = (
					"DEBUG=1",
					"$(inherited)",
				);
				GCC_WARN_64_TO_32_BIT_CONVERSION = YES;
				GCC_WARN_ABOUT_RETURN_TYPE = YES_ERROR;
				GCC_WARN_UNDECLARED_SELECTOR = YES;
				GCC_WARN_UNINITIALIZED_AUTOS = YES_AGGRESSIVE;
				GCC_WARN_UNUSED_FUNCTION = YES;
				GCC_WARN_UNUSED_VARIABLE = YES;
				MTL_ENABLE_DEBUG_INFO = INCLUDE_SOURCE;
				MTL_FAST_MATH = YES;
				ONLY_ACTIVE_ARCH = YES;
				SWIFT_ACTIVE_COMPILATION_CONDITIONS = DEBUG;
				SWIFT_OPTIMIZATION_LEVEL = "-Onone";
			};
			name = Debug;
		};
		AE06EBFA294D16BC006CAB67 /* Release */ = {
			isa = XCBuildConfiguration;
			buildSettings = {
				ALWAYS_SEARCH_USER_PATHS = NO;
				CLANG_ANALYZER_NONNULL = YES;
				CLANG_ANALYZER_NUMBER_OBJECT_CONVERSION = YES_AGGRESSIVE;
				CLANG_CXX_LANGUAGE_STANDARD = "gnu++20";
				CLANG_ENABLE_MODULES = YES;
				CLANG_ENABLE_OBJC_ARC = YES;
				CLANG_ENABLE_OBJC_WEAK = YES;
				CLANG_WARN_BLOCK_CAPTURE_AUTORELEASING = YES;
				CLANG_WARN_BOOL_CONVERSION = YES;
				CLANG_WARN_COMMA = YES;
				CLANG_WARN_CONSTANT_CONVERSION = YES;
				CLANG_WARN_DEPRECATED_OBJC_IMPLEMENTATIONS = YES;
				CLANG_WARN_DIRECT_OBJC_ISA_USAGE = YES_ERROR;
				CLANG_WARN_DOCUMENTATION_COMMENTS = YES;
				CLANG_WARN_EMPTY_BODY = YES;
				CLANG_WARN_ENUM_CONVERSION = YES;
				CLANG_WARN_INFINITE_RECURSION = YES;
				CLANG_WARN_INT_CONVERSION = YES;
				CLANG_WARN_NON_LITERAL_NULL_CONVERSION = YES;
				CLANG_WARN_OBJC_IMPLICIT_RETAIN_SELF = YES;
				CLANG_WARN_OBJC_LITERAL_CONVERSION = YES;
				CLANG_WARN_OBJC_ROOT_CLASS = YES_ERROR;
				CLANG_WARN_QUOTED_INCLUDE_IN_FRAMEWORK_HEADER = YES;
				CLANG_WARN_RANGE_LOOP_ANALYSIS = YES;
				CLANG_WARN_STRICT_PROTOTYPES = YES;
				CLANG_WARN_SUSPICIOUS_MOVE = YES;
				CLANG_WARN_UNGUARDED_AVAILABILITY = YES_AGGRESSIVE;
				CLANG_WARN_UNREACHABLE_CODE = YES;
				CLANG_WARN__DUPLICATE_METHOD_MATCH = YES;
				COPY_PHASE_STRIP = NO;
				DEAD_CODE_STRIPPING = YES;
				DEBUG_INFORMATION_FORMAT = "dwarf-with-dsym";
				ENABLE_NS_ASSERTIONS = NO;
				ENABLE_STRICT_OBJC_MSGSEND = YES;
				GCC_C_LANGUAGE_STANDARD = gnu11;
				GCC_NO_COMMON_BLOCKS = YES;
				GCC_WARN_64_TO_32_BIT_CONVERSION = YES;
				GCC_WARN_ABOUT_RETURN_TYPE = YES_ERROR;
				GCC_WARN_UNDECLARED_SELECTOR = YES;
				GCC_WARN_UNINITIALIZED_AUTOS = YES_AGGRESSIVE;
				GCC_WARN_UNUSED_FUNCTION = YES;
				GCC_WARN_UNUSED_VARIABLE = YES;
				MTL_ENABLE_DEBUG_INFO = NO;
				MTL_FAST_MATH = YES;
				SWIFT_COMPILATION_MODE = wholemodule;
				SWIFT_OPTIMIZATION_LEVEL = "-O";
			};
			name = Release;
		};
		AE06EBFC294D16BC006CAB67 /* Debug */ = {
			isa = XCBuildConfiguration;
			buildSettings = {
				ASSETCATALOG_COMPILER_APPICON_NAME = AppIcon;
				ASSETCATALOG_COMPILER_GLOBAL_ACCENT_COLOR_NAME = AccentColor;
				CODE_SIGN_ENTITLEMENTS = Miocene/Miocene.entitlements;
				CODE_SIGN_STYLE = Automatic;
				CURRENT_PROJECT_VERSION = 1;
				DEAD_CODE_STRIPPING = YES;
				DEVELOPMENT_ASSET_PATHS = "";
				DEVELOPMENT_TEAM = ZYF5X8SV2F;
				ENABLE_HARDENED_RUNTIME = YES;
				ENABLE_PREVIEWS = YES;
				GENERATE_INFOPLIST_FILE = YES;
				INFOPLIST_FILE = Miocene/Info.plist;
				INFOPLIST_KEY_CFBundleDisplayName = Miocene;
				INFOPLIST_KEY_LSApplicationCategoryType = "public.app-category.social-networking";
				"INFOPLIST_KEY_UIApplicationSceneManifest_Generation[sdk=iphoneos*]" = YES;
				"INFOPLIST_KEY_UIApplicationSceneManifest_Generation[sdk=iphonesimulator*]" = YES;
				"INFOPLIST_KEY_UIApplicationSupportsIndirectInputEvents[sdk=iphoneos*]" = YES;
				"INFOPLIST_KEY_UIApplicationSupportsIndirectInputEvents[sdk=iphonesimulator*]" = YES;
				"INFOPLIST_KEY_UILaunchScreen_Generation[sdk=iphoneos*]" = YES;
				"INFOPLIST_KEY_UILaunchScreen_Generation[sdk=iphonesimulator*]" = YES;
				"INFOPLIST_KEY_UIStatusBarStyle[sdk=iphoneos*]" = UIStatusBarStyleDefault;
				"INFOPLIST_KEY_UIStatusBarStyle[sdk=iphonesimulator*]" = UIStatusBarStyleDefault;
				INFOPLIST_KEY_UISupportedInterfaceOrientations_iPad = "UIInterfaceOrientationPortrait UIInterfaceOrientationPortraitUpsideDown UIInterfaceOrientationLandscapeLeft UIInterfaceOrientationLandscapeRight";
				INFOPLIST_KEY_UISupportedInterfaceOrientations_iPhone = "UIInterfaceOrientationPortrait UIInterfaceOrientationLandscapeLeft UIInterfaceOrientationLandscapeRight";
				IPHONEOS_DEPLOYMENT_TARGET = 16.2;
				LD_RUNPATH_SEARCH_PATHS = "@executable_path/Frameworks";
				"LD_RUNPATH_SEARCH_PATHS[sdk=macosx*]" = "@executable_path/../Frameworks";
				MACOSX_DEPLOYMENT_TARGET = 13.0;
				MARKETING_VERSION = 1.0;
				PRODUCT_BUNDLE_IDENTIFIER = shyfrogproductions.com.Miocene;
				PRODUCT_NAME = "$(TARGET_NAME)";
				SDKROOT = auto;
				SUPPORTED_PLATFORMS = "iphoneos iphonesimulator macosx";
				SWIFT_EMIT_LOC_STRINGS = YES;
				SWIFT_VERSION = 5.0;
				TARGETED_DEVICE_FAMILY = "1,2";
			};
			name = Debug;
		};
		AE06EBFD294D16BC006CAB67 /* Release */ = {
			isa = XCBuildConfiguration;
			buildSettings = {
				ASSETCATALOG_COMPILER_APPICON_NAME = AppIcon;
				ASSETCATALOG_COMPILER_GLOBAL_ACCENT_COLOR_NAME = AccentColor;
				CODE_SIGN_ENTITLEMENTS = Miocene/Miocene.entitlements;
				CODE_SIGN_STYLE = Automatic;
				CURRENT_PROJECT_VERSION = 1;
				DEAD_CODE_STRIPPING = YES;
				DEVELOPMENT_ASSET_PATHS = "";
				DEVELOPMENT_TEAM = ZYF5X8SV2F;
				ENABLE_HARDENED_RUNTIME = YES;
				ENABLE_PREVIEWS = YES;
				GENERATE_INFOPLIST_FILE = YES;
				INFOPLIST_FILE = Miocene/Info.plist;
				INFOPLIST_KEY_CFBundleDisplayName = Miocene;
				INFOPLIST_KEY_LSApplicationCategoryType = "public.app-category.social-networking";
				"INFOPLIST_KEY_UIApplicationSceneManifest_Generation[sdk=iphoneos*]" = YES;
				"INFOPLIST_KEY_UIApplicationSceneManifest_Generation[sdk=iphonesimulator*]" = YES;
				"INFOPLIST_KEY_UIApplicationSupportsIndirectInputEvents[sdk=iphoneos*]" = YES;
				"INFOPLIST_KEY_UIApplicationSupportsIndirectInputEvents[sdk=iphonesimulator*]" = YES;
				"INFOPLIST_KEY_UILaunchScreen_Generation[sdk=iphoneos*]" = YES;
				"INFOPLIST_KEY_UILaunchScreen_Generation[sdk=iphonesimulator*]" = YES;
				"INFOPLIST_KEY_UIStatusBarStyle[sdk=iphoneos*]" = UIStatusBarStyleDefault;
				"INFOPLIST_KEY_UIStatusBarStyle[sdk=iphonesimulator*]" = UIStatusBarStyleDefault;
				INFOPLIST_KEY_UISupportedInterfaceOrientations_iPad = "UIInterfaceOrientationPortrait UIInterfaceOrientationPortraitUpsideDown UIInterfaceOrientationLandscapeLeft UIInterfaceOrientationLandscapeRight";
				INFOPLIST_KEY_UISupportedInterfaceOrientations_iPhone = "UIInterfaceOrientationPortrait UIInterfaceOrientationLandscapeLeft UIInterfaceOrientationLandscapeRight";
				IPHONEOS_DEPLOYMENT_TARGET = 16.2;
				LD_RUNPATH_SEARCH_PATHS = "@executable_path/Frameworks";
				"LD_RUNPATH_SEARCH_PATHS[sdk=macosx*]" = "@executable_path/../Frameworks";
				MACOSX_DEPLOYMENT_TARGET = 13.0;
				MARKETING_VERSION = 1.0;
				PRODUCT_BUNDLE_IDENTIFIER = shyfrogproductions.com.Miocene;
				PRODUCT_NAME = "$(TARGET_NAME)";
				SDKROOT = auto;
				SUPPORTED_PLATFORMS = "iphoneos iphonesimulator macosx";
				SWIFT_EMIT_LOC_STRINGS = YES;
				SWIFT_VERSION = 5.0;
				TARGETED_DEVICE_FAMILY = "1,2";
			};
			name = Release;
		};
/* End XCBuildConfiguration section */

/* Begin XCConfigurationList section */
		AE06EBE7294D16BB006CAB67 /* Build configuration list for PBXProject "Miocene" */ = {
			isa = XCConfigurationList;
			buildConfigurations = (
				AE06EBF9294D16BC006CAB67 /* Debug */,
				AE06EBFA294D16BC006CAB67 /* Release */,
			);
			defaultConfigurationIsVisible = 0;
			defaultConfigurationName = Release;
		};
		AE06EBFB294D16BC006CAB67 /* Build configuration list for PBXNativeTarget "Miocene" */ = {
			isa = XCConfigurationList;
			buildConfigurations = (
				AE06EBFC294D16BC006CAB67 /* Debug */,
				AE06EBFD294D16BC006CAB67 /* Release */,
			);
			defaultConfigurationIsVisible = 0;
			defaultConfigurationName = Release;
		};
/* End XCConfigurationList section */

/* Begin XCRemoteSwiftPackageReference section */
		AE28C5F229635DE600C8C928 /* XCRemoteSwiftPackageReference "keychain-swift" */ = {
			isa = XCRemoteSwiftPackageReference;
			repositoryURL = "https://github.com/evgenyneu/keychain-swift.git";
			requirement = {
				branch = master;
				kind = branch;
			};
		};
		AE28C5F52963717D00C8C928 /* XCRemoteSwiftPackageReference "GRDB.swift" */ = {
			isa = XCRemoteSwiftPackageReference;
			repositoryURL = "https://github.com/groue/GRDB.swift.git";
			requirement = {
				branch = master;
				kind = branch;
			};
		};
		AEAFA2ED297F4BBF00970F40 /* XCRemoteSwiftPackageReference "SwiftyGif" */ = {
			isa = XCRemoteSwiftPackageReference;
			repositoryURL = "https://github.com/kirualex/SwiftyGif.git";
			requirement = {
				kind = upToNextMajorVersion;
				minimumVersion = 5.0.0;
			};
		};
/* End XCRemoteSwiftPackageReference section */

/* Begin XCSwiftPackageProductDependency section */
		AE28C5F329635DE600C8C928 /* KeychainSwift */ = {
			isa = XCSwiftPackageProductDependency;
			package = AE28C5F229635DE600C8C928 /* XCRemoteSwiftPackageReference "keychain-swift" */;
			productName = KeychainSwift;
		};
		AE28C5F62963717D00C8C928 /* GRDB */ = {
			isa = XCSwiftPackageProductDependency;
			package = AE28C5F52963717D00C8C928 /* XCRemoteSwiftPackageReference "GRDB.swift" */;
			productName = GRDB;
		};
		AE28C6172972F68300C8C928 /* MastodonKit */ = {
			isa = XCSwiftPackageProductDependency;
			productName = MastodonKit;
		};
		AEAFA2EE297F4BBF00970F40 /* SwiftyGif */ = {
			isa = XCSwiftPackageProductDependency;
			package = AEAFA2ED297F4BBF00970F40 /* XCRemoteSwiftPackageReference "SwiftyGif" */;
			productName = SwiftyGif;
		};
/* End XCSwiftPackageProductDependency section */
	};
	rootObject = AE06EBE4294D16BB006CAB67 /* Project object */;
}
