// !$*UTF8*$!
{
	archiveVersion = 1;
	classes = {
	};
	objectVersion = 56;
	objects = {

/* Begin PBXBuildFile section */
		AE06EBF0294D16BB006CAB67 /* MammutApp.swift in Sources */ = {isa = PBXBuildFile; fileRef = AE06EBEF294D16BB006CAB67 /* MammutApp.swift */; };
		AE06EBF2294D16BB006CAB67 /* ContentView.swift in Sources */ = {isa = PBXBuildFile; fileRef = AE06EBF1294D16BB006CAB67 /* ContentView.swift */; };
		AE06EBF4294D16BC006CAB67 /* Assets.xcassets in Resources */ = {isa = PBXBuildFile; fileRef = AE06EBF3294D16BC006CAB67 /* Assets.xcassets */; };
		AE06EBF8294D16BC006CAB67 /* Preview Assets.xcassets in Resources */ = {isa = PBXBuildFile; fileRef = AE06EBF7294D16BC006CAB67 /* Preview Assets.xcassets */; };
		AE06EC02294D1D1D006CAB67 /* Post.swift in Sources */ = {isa = PBXBuildFile; fileRef = AE06EC01294D1D1D006CAB67 /* Post.swift */; };
		AE06EC04294D234D006CAB67 /* Mastodon.swift in Sources */ = {isa = PBXBuildFile; fileRef = AE06EC03294D234D006CAB67 /* Mastodon.swift */; };
		AE28C5D82953C8A500C8C928 /* NewPost.swift in Sources */ = {isa = PBXBuildFile; fileRef = AE28C5D72953C8A500C8C928 /* NewPost.swift */; };
		AE28C5DA295A7ACE00C8C928 /* SearchView.swift in Sources */ = {isa = PBXBuildFile; fileRef = AE28C5D9295A7ACE00C8C928 /* SearchView.swift */; };
		AE28C5E2295B723A00C8C928 /* MastodonKit in Frameworks */ = {isa = PBXBuildFile; productRef = AE28C5E1295B723A00C8C928 /* MastodonKit */; };
		AE28C5E4295CE9F900C8C928 /* TimeLineView.swift in Sources */ = {isa = PBXBuildFile; fileRef = AE28C5E3295CE9F900C8C928 /* TimeLineView.swift */; };
		AE28C5E6295CEDCE00C8C928 /* AccountView.swift in Sources */ = {isa = PBXBuildFile; fileRef = AE28C5E5295CEDCE00C8C928 /* AccountView.swift */; };
		AE28C5EC295E4B1C00C8C928 /* AccountSmall.swift in Sources */ = {isa = PBXBuildFile; fileRef = AE28C5EB295E4B1C00C8C928 /* AccountSmall.swift */; };
		AE28C5EE29634C0B00C8C928 /* AddAccount.swift in Sources */ = {isa = PBXBuildFile; fileRef = AE28C5ED29634C0B00C8C928 /* AddAccount.swift */; };
		AE28C5F029635CAA00C8C928 /* Keys.swift in Sources */ = {isa = PBXBuildFile; fileRef = AE28C5EF29635CAA00C8C928 /* Keys.swift */; };
		AE28C5F429635DE600C8C928 /* KeychainSwift in Frameworks */ = {isa = PBXBuildFile; productRef = AE28C5F329635DE600C8C928 /* KeychainSwift */; };
		AE28C5F72963717D00C8C928 /* GRDB in Frameworks */ = {isa = PBXBuildFile; productRef = AE28C5F62963717D00C8C928 /* GRDB */; };
		AE28C5F92963719B00C8C928 /* SqliteDB.swift in Sources */ = {isa = PBXBuildFile; fileRef = AE28C5F82963719B00C8C928 /* SqliteDB.swift */; };
		AE28C5FB2963727500C8C928 /* LocalAccountRecord.swift in Sources */ = {isa = PBXBuildFile; fileRef = AE28C5FA2963727500C8C928 /* LocalAccountRecord.swift */; };
		AE28C5FD29648C2400C8C928 /* SettingsView.swift in Sources */ = {isa = PBXBuildFile; fileRef = AE28C5FC29648C2400C8C928 /* SettingsView.swift */; };
		AE28C5FF296524AE00C8C928 /* ErrorSystem.swift in Sources */ = {isa = PBXBuildFile; fileRef = AE28C5FE296524AE00C8C928 /* ErrorSystem.swift */; };
		AE28C60329663A5B00C8C928 /* AccountLarge.swift in Sources */ = {isa = PBXBuildFile; fileRef = AE28C60229663A5B00C8C928 /* AccountLarge.swift */; };
		AE9A85D6295629C100E8B193 /* Settings.swift in Sources */ = {isa = PBXBuildFile; fileRef = AE9A85D5295629C100E8B193 /* Settings.swift */; };
/* End PBXBuildFile section */

/* Begin PBXFileReference section */
		AE06EBEC294D16BB006CAB67 /* Mioscene.app */ = {isa = PBXFileReference; explicitFileType = wrapper.application; includeInIndex = 0; path = Mioscene.app; sourceTree = BUILT_PRODUCTS_DIR; };
		AE06EBEF294D16BB006CAB67 /* MammutApp.swift */ = {isa = PBXFileReference; lastKnownFileType = sourcecode.swift; path = MammutApp.swift; sourceTree = "<group>"; };
		AE06EBF1294D16BB006CAB67 /* ContentView.swift */ = {isa = PBXFileReference; lastKnownFileType = sourcecode.swift; path = ContentView.swift; sourceTree = "<group>"; };
		AE06EBF3294D16BC006CAB67 /* Assets.xcassets */ = {isa = PBXFileReference; lastKnownFileType = folder.assetcatalog; path = Assets.xcassets; sourceTree = "<group>"; };
		AE06EBF5294D16BC006CAB67 /* Mioscene.entitlements */ = {isa = PBXFileReference; lastKnownFileType = text.plist.entitlements; path = Mioscene.entitlements; sourceTree = "<group>"; };
		AE06EBF7294D16BC006CAB67 /* Preview Assets.xcassets */ = {isa = PBXFileReference; lastKnownFileType = folder.assetcatalog; path = "Preview Assets.xcassets"; sourceTree = "<group>"; };
		AE06EC01294D1D1D006CAB67 /* Post.swift */ = {isa = PBXFileReference; lastKnownFileType = sourcecode.swift; path = Post.swift; sourceTree = "<group>"; };
		AE06EC03294D234D006CAB67 /* Mastodon.swift */ = {isa = PBXFileReference; lastKnownFileType = sourcecode.swift; path = Mastodon.swift; sourceTree = "<group>"; };
		AE28C5D72953C8A500C8C928 /* NewPost.swift */ = {isa = PBXFileReference; lastKnownFileType = sourcecode.swift; path = NewPost.swift; sourceTree = "<group>"; };
		AE28C5D9295A7ACE00C8C928 /* SearchView.swift */ = {isa = PBXFileReference; fileEncoding = 4; lastKnownFileType = sourcecode.swift; path = SearchView.swift; sourceTree = "<group>"; };
		AE28C5DC295B6EB400C8C928 /* MastodonKit */ = {isa = PBXFileReference; lastKnownFileType = wrapper; name = MastodonKit; path = ../MastodonKit; sourceTree = "<group>"; };
		AE28C5E0295B722F00C8C928 /* MastodonKit-2.0.0 */ = {isa = PBXFileReference; lastKnownFileType = wrapper; name = "MastodonKit-2.0.0"; path = "../MastodonKit-2.0.0"; sourceTree = "<group>"; };
		AE28C5E3295CE9F900C8C928 /* TimeLineView.swift */ = {isa = PBXFileReference; lastKnownFileType = sourcecode.swift; path = TimeLineView.swift; sourceTree = "<group>"; };
		AE28C5E5295CEDCE00C8C928 /* AccountView.swift */ = {isa = PBXFileReference; lastKnownFileType = sourcecode.swift; path = AccountView.swift; sourceTree = "<group>"; };
		AE28C5EB295E4B1C00C8C928 /* AccountSmall.swift */ = {isa = PBXFileReference; lastKnownFileType = sourcecode.swift; path = AccountSmall.swift; sourceTree = "<group>"; };
		AE28C5ED29634C0B00C8C928 /* AddAccount.swift */ = {isa = PBXFileReference; fileEncoding = 4; lastKnownFileType = sourcecode.swift; path = AddAccount.swift; sourceTree = "<group>"; };
		AE28C5EF29635CAA00C8C928 /* Keys.swift */ = {isa = PBXFileReference; lastKnownFileType = sourcecode.swift; path = Keys.swift; sourceTree = "<group>"; };
		AE28C5F82963719B00C8C928 /* SqliteDB.swift */ = {isa = PBXFileReference; lastKnownFileType = sourcecode.swift; path = SqliteDB.swift; sourceTree = "<group>"; };
		AE28C5FA2963727500C8C928 /* LocalAccountRecord.swift */ = {isa = PBXFileReference; lastKnownFileType = sourcecode.swift; path = LocalAccountRecord.swift; sourceTree = "<group>"; };
		AE28C5FC29648C2400C8C928 /* SettingsView.swift */ = {isa = PBXFileReference; lastKnownFileType = sourcecode.swift; path = SettingsView.swift; sourceTree = "<group>"; };
		AE28C5FE296524AE00C8C928 /* ErrorSystem.swift */ = {isa = PBXFileReference; lastKnownFileType = sourcecode.swift; path = ErrorSystem.swift; sourceTree = "<group>"; };
		AE28C60229663A5B00C8C928 /* AccountLarge.swift */ = {isa = PBXFileReference; lastKnownFileType = sourcecode.swift; path = AccountLarge.swift; sourceTree = "<group>"; };
		AE9A85D5295629C100E8B193 /* Settings.swift */ = {isa = PBXFileReference; lastKnownFileType = sourcecode.swift; path = Settings.swift; sourceTree = "<group>"; };
/* End PBXFileReference section */

/* Begin PBXFrameworksBuildPhase section */
		AE06EBE9294D16BB006CAB67 /* Frameworks */ = {
			isa = PBXFrameworksBuildPhase;
			buildActionMask = 2147483647;
			files = (
				AE28C5F72963717D00C8C928 /* GRDB in Frameworks */,
				AE28C5F429635DE600C8C928 /* KeychainSwift in Frameworks */,
				AE28C5E2295B723A00C8C928 /* MastodonKit in Frameworks */,
			);
			runOnlyForDeploymentPostprocessing = 0;
		};
/* End PBXFrameworksBuildPhase section */

/* Begin PBXGroup section */
		AE06EBE3294D16BB006CAB67 = {
			isa = PBXGroup;
			children = (
				AE28C5DC295B6EB400C8C928 /* MastodonKit */,
				AE06EBEE294D16BB006CAB67 /* Mioscene */,
				AE06EBED294D16BB006CAB67 /* Products */,
				AE28C5DD295B6EEE00C8C928 /* Frameworks */,
			);
			sourceTree = "<group>";
		};
		AE06EBED294D16BB006CAB67 /* Products */ = {
			isa = PBXGroup;
			children = (
				AE06EBEC294D16BB006CAB67 /* Mioscene.app */,
			);
			name = Products;
			sourceTree = "<group>";
		};
		AE06EBEE294D16BB006CAB67 /* Mioscene */ = {
			isa = PBXGroup;
			children = (
				AE28C5FE296524AE00C8C928 /* ErrorSystem.swift */,
				AE06EBEF294D16BB006CAB67 /* MammutApp.swift */,
				AE06EBF1294D16BB006CAB67 /* ContentView.swift */,
				AE28C5E3295CE9F900C8C928 /* TimeLineView.swift */,
				AE28C5E5295CEDCE00C8C928 /* AccountView.swift */,
				AE28C5D9295A7ACE00C8C928 /* SearchView.swift */,
				AE28C5FC29648C2400C8C928 /* SettingsView.swift */,
				AE9A85D5295629C100E8B193 /* Settings.swift */,
				AE06EC01294D1D1D006CAB67 /* Post.swift */,
				AE06EC03294D234D006CAB67 /* Mastodon.swift */,
				AE28C5EF29635CAA00C8C928 /* Keys.swift */,
				AE28C5D72953C8A500C8C928 /* NewPost.swift */,
				AE28C5ED29634C0B00C8C928 /* AddAccount.swift */,
				AE28C60229663A5B00C8C928 /* AccountLarge.swift */,
				AE28C5EB295E4B1C00C8C928 /* AccountSmall.swift */,
				AE28C5F82963719B00C8C928 /* SqliteDB.swift */,
				AE28C5FA2963727500C8C928 /* LocalAccountRecord.swift */,
				AE06EBF3294D16BC006CAB67 /* Assets.xcassets */,
				AE06EBF5294D16BC006CAB67 /* Mioscene.entitlements */,
				AE06EBF6294D16BC006CAB67 /* Preview Content */,
			);
			path = Mioscene;
			sourceTree = "<group>";
		};
		AE06EBF6294D16BC006CAB67 /* Preview Content */ = {
			isa = PBXGroup;
			children = (
				AE06EBF7294D16BC006CAB67 /* Preview Assets.xcassets */,
			);
			path = "Preview Content";
			sourceTree = "<group>";
		};
		AE28C5DD295B6EEE00C8C928 /* Frameworks */ = {
			isa = PBXGroup;
			children = (
				AE28C5E0295B722F00C8C928 /* MastodonKit-2.0.0 */,
			);
			name = Frameworks;
			sourceTree = "<group>";
		};
/* End PBXGroup section */

/* Begin PBXNativeTarget section */
		AE06EBEB294D16BB006CAB67 /* Mioscene */ = {
			isa = PBXNativeTarget;
			buildConfigurationList = AE06EBFB294D16BC006CAB67 /* Build configuration list for PBXNativeTarget "Mioscene" */;
			buildPhases = (
				AE06EBE8294D16BB006CAB67 /* Sources */,
				AE06EBE9294D16BB006CAB67 /* Frameworks */,
				AE06EBEA294D16BB006CAB67 /* Resources */,
			);
			buildRules = (
			);
			dependencies = (
			);
			name = Mioscene;
			packageProductDependencies = (
				AE28C5E1295B723A00C8C928 /* MastodonKit */,
				AE28C5F329635DE600C8C928 /* KeychainSwift */,
				AE28C5F62963717D00C8C928 /* GRDB */,
			);
			productName = Mammut;
			productReference = AE06EBEC294D16BB006CAB67 /* Mioscene.app */;
			productType = "com.apple.product-type.application";
		};
/* End PBXNativeTarget section */

/* Begin PBXProject section */
		AE06EBE4294D16BB006CAB67 /* Project object */ = {
			isa = PBXProject;
			attributes = {
				BuildIndependentTargetsInParallel = 1;
				LastSwiftUpdateCheck = 1420;
				LastUpgradeCheck = 1420;
				TargetAttributes = {
					AE06EBEB294D16BB006CAB67 = {
						CreatedOnToolsVersion = 14.2;
					};
				};
			};
			buildConfigurationList = AE06EBE7294D16BB006CAB67 /* Build configuration list for PBXProject "Mioscene" */;
			compatibilityVersion = "Xcode 14.0";
			developmentRegion = en;
			hasScannedForEncodings = 0;
			knownRegions = (
				en,
				Base,
			);
			mainGroup = AE06EBE3294D16BB006CAB67;
			packageReferences = (
				AE28C5F229635DE600C8C928 /* XCRemoteSwiftPackageReference "keychain-swift" */,
				AE28C5F52963717D00C8C928 /* XCRemoteSwiftPackageReference "GRDB.swift" */,
			);
			productRefGroup = AE06EBED294D16BB006CAB67 /* Products */;
			projectDirPath = "";
			projectRoot = "";
			targets = (
				AE06EBEB294D16BB006CAB67 /* Mioscene */,
			);
		};
/* End PBXProject section */

/* Begin PBXResourcesBuildPhase section */
		AE06EBEA294D16BB006CAB67 /* Resources */ = {
			isa = PBXResourcesBuildPhase;
			buildActionMask = 2147483647;
			files = (
				AE06EBF8294D16BC006CAB67 /* Preview Assets.xcassets in Resources */,
				AE06EBF4294D16BC006CAB67 /* Assets.xcassets in Resources */,
			);
			runOnlyForDeploymentPostprocessing = 0;
		};
/* End PBXResourcesBuildPhase section */

/* Begin PBXSourcesBuildPhase section */
		AE06EBE8294D16BB006CAB67 /* Sources */ = {
			isa = PBXSourcesBuildPhase;
			buildActionMask = 2147483647;
			files = (
				AE28C5FD29648C2400C8C928 /* SettingsView.swift in Sources */,
				AE28C5E4295CE9F900C8C928 /* TimeLineView.swift in Sources */,
				AE28C60329663A5B00C8C928 /* AccountLarge.swift in Sources */,
				AE28C5F029635CAA00C8C928 /* Keys.swift in Sources */,
				AE9A85D6295629C100E8B193 /* Settings.swift in Sources */,
				AE06EC02294D1D1D006CAB67 /* Post.swift in Sources */,
				AE06EBF2294D16BB006CAB67 /* ContentView.swift in Sources */,
				AE28C5EE29634C0B00C8C928 /* AddAccount.swift in Sources */,
				AE06EC04294D234D006CAB67 /* Mastodon.swift in Sources */,
				AE28C5F92963719B00C8C928 /* SqliteDB.swift in Sources */,
				AE28C5EC295E4B1C00C8C928 /* AccountSmall.swift in Sources */,
				AE28C5D82953C8A500C8C928 /* NewPost.swift in Sources */,
				AE28C5FF296524AE00C8C928 /* ErrorSystem.swift in Sources */,
				AE28C5E6295CEDCE00C8C928 /* AccountView.swift in Sources */,
				AE06EBF0294D16BB006CAB67 /* MammutApp.swift in Sources */,
				AE28C5DA295A7ACE00C8C928 /* SearchView.swift in Sources */,
				AE28C5FB2963727500C8C928 /* LocalAccountRecord.swift in Sources */,
			);
			runOnlyForDeploymentPostprocessing = 0;
		};
/* End PBXSourcesBuildPhase section */

/* Begin XCBuildConfiguration section */
		AE06EBF9294D16BC006CAB67 /* Debug */ = {
			isa = XCBuildConfiguration;
			buildSettings = {
				ALWAYS_SEARCH_USER_PATHS = NO;
				CLANG_ANALYZER_NONNULL = YES;
				CLANG_ANALYZER_NUMBER_OBJECT_CONVERSION = YES_AGGRESSIVE;
				CLANG_CXX_LANGUAGE_STANDARD = "gnu++20";
				CLANG_ENABLE_MODULES = YES;
				CLANG_ENABLE_OBJC_ARC = YES;
				CLANG_ENABLE_OBJC_WEAK = YES;
				CLANG_WARN_BLOCK_CAPTURE_AUTORELEASING = YES;
				CLANG_WARN_BOOL_CONVERSION = YES;
				CLANG_WARN_COMMA = YES;
				CLANG_WARN_CONSTANT_CONVERSION = YES;
				CLANG_WARN_DEPRECATED_OBJC_IMPLEMENTATIONS = YES;
				CLANG_WARN_DIRECT_OBJC_ISA_USAGE = YES_ERROR;
				CLANG_WARN_DOCUMENTATION_COMMENTS = YES;
				CLANG_WARN_EMPTY_BODY = YES;
				CLANG_WARN_ENUM_CONVERSION = YES;
				CLANG_WARN_INFINITE_RECURSION = YES;
				CLANG_WARN_INT_CONVERSION = YES;
				CLANG_WARN_NON_LITERAL_NULL_CONVERSION = YES;
				CLANG_WARN_OBJC_IMPLICIT_RETAIN_SELF = YES;
				CLANG_WARN_OBJC_LITERAL_CONVERSION = YES;
				CLANG_WARN_OBJC_ROOT_CLASS = YES_ERROR;
				CLANG_WARN_QUOTED_INCLUDE_IN_FRAMEWORK_HEADER = YES;
				CLANG_WARN_RANGE_LOOP_ANALYSIS = YES;
				CLANG_WARN_STRICT_PROTOTYPES = YES;
				CLANG_WARN_SUSPICIOUS_MOVE = YES;
				CLANG_WARN_UNGUARDED_AVAILABILITY = YES_AGGRESSIVE;
				CLANG_WARN_UNREACHABLE_CODE = YES;
				CLANG_WARN__DUPLICATE_METHOD_MATCH = YES;
				COPY_PHASE_STRIP = NO;
				DEBUG_INFORMATION_FORMAT = dwarf;
				ENABLE_STRICT_OBJC_MSGSEND = YES;
				ENABLE_TESTABILITY = YES;
				GCC_C_LANGUAGE_STANDARD = gnu11;
				GCC_DYNAMIC_NO_PIC = NO;
				GCC_NO_COMMON_BLOCKS = YES;
				GCC_OPTIMIZATION_LEVEL = 0;
				GCC_PREPROCESSOR_DEFINITIONS = (
					"DEBUG=1",
					"$(inherited)",
				);
				GCC_WARN_64_TO_32_BIT_CONVERSION = YES;
				GCC_WARN_ABOUT_RETURN_TYPE = YES_ERROR;
				GCC_WARN_UNDECLARED_SELECTOR = YES;
				GCC_WARN_UNINITIALIZED_AUTOS = YES_AGGRESSIVE;
				GCC_WARN_UNUSED_FUNCTION = YES;
				GCC_WARN_UNUSED_VARIABLE = YES;
				MTL_ENABLE_DEBUG_INFO = INCLUDE_SOURCE;
				MTL_FAST_MATH = YES;
				ONLY_ACTIVE_ARCH = YES;
				SWIFT_ACTIVE_COMPILATION_CONDITIONS = DEBUG;
				SWIFT_OPTIMIZATION_LEVEL = "-Onone";
			};
			name = Debug;
		};
		AE06EBFA294D16BC006CAB67 /* Release */ = {
			isa = XCBuildConfiguration;
			buildSettings = {
				ALWAYS_SEARCH_USER_PATHS = NO;
				CLANG_ANALYZER_NONNULL = YES;
				CLANG_ANALYZER_NUMBER_OBJECT_CONVERSION = YES_AGGRESSIVE;
				CLANG_CXX_LANGUAGE_STANDARD = "gnu++20";
				CLANG_ENABLE_MODULES = YES;
				CLANG_ENABLE_OBJC_ARC = YES;
				CLANG_ENABLE_OBJC_WEAK = YES;
				CLANG_WARN_BLOCK_CAPTURE_AUTORELEASING = YES;
				CLANG_WARN_BOOL_CONVERSION = YES;
				CLANG_WARN_COMMA = YES;
				CLANG_WARN_CONSTANT_CONVERSION = YES;
				CLANG_WARN_DEPRECATED_OBJC_IMPLEMENTATIONS = YES;
				CLANG_WARN_DIRECT_OBJC_ISA_USAGE = YES_ERROR;
				CLANG_WARN_DOCUMENTATION_COMMENTS = YES;
				CLANG_WARN_EMPTY_BODY = YES;
				CLANG_WARN_ENUM_CONVERSION = YES;
				CLANG_WARN_INFINITE_RECURSION = YES;
				CLANG_WARN_INT_CONVERSION = YES;
				CLANG_WARN_NON_LITERAL_NULL_CONVERSION = YES;
				CLANG_WARN_OBJC_IMPLICIT_RETAIN_SELF = YES;
				CLANG_WARN_OBJC_LITERAL_CONVERSION = YES;
				CLANG_WARN_OBJC_ROOT_CLASS = YES_ERROR;
				CLANG_WARN_QUOTED_INCLUDE_IN_FRAMEWORK_HEADER = YES;
				CLANG_WARN_RANGE_LOOP_ANALYSIS = YES;
				CLANG_WARN_STRICT_PROTOTYPES = YES;
				CLANG_WARN_SUSPICIOUS_MOVE = YES;
				CLANG_WARN_UNGUARDED_AVAILABILITY = YES_AGGRESSIVE;
				CLANG_WARN_UNREACHABLE_CODE = YES;
				CLANG_WARN__DUPLICATE_METHOD_MATCH = YES;
				COPY_PHASE_STRIP = NO;
				DEBUG_INFORMATION_FORMAT = "dwarf-with-dsym";
				ENABLE_NS_ASSERTIONS = NO;
				ENABLE_STRICT_OBJC_MSGSEND = YES;
				GCC_C_LANGUAGE_STANDARD = gnu11;
				GCC_NO_COMMON_BLOCKS = YES;
				GCC_WARN_64_TO_32_BIT_CONVERSION = YES;
				GCC_WARN_ABOUT_RETURN_TYPE = YES_ERROR;
				GCC_WARN_UNDECLARED_SELECTOR = YES;
				GCC_WARN_UNINITIALIZED_AUTOS = YES_AGGRESSIVE;
				GCC_WARN_UNUSED_FUNCTION = YES;
				GCC_WARN_UNUSED_VARIABLE = YES;
				MTL_ENABLE_DEBUG_INFO = NO;
				MTL_FAST_MATH = YES;
				SWIFT_COMPILATION_MODE = wholemodule;
				SWIFT_OPTIMIZATION_LEVEL = "-O";
			};
			name = Release;
		};
		AE06EBFC294D16BC006CAB67 /* Debug */ = {
			isa = XCBuildConfiguration;
			buildSettings = {
				ASSETCATALOG_COMPILER_APPICON_NAME = AppIcon;
				ASSETCATALOG_COMPILER_GLOBAL_ACCENT_COLOR_NAME = AccentColor;
				CODE_SIGN_ENTITLEMENTS = Mioscene/Mioscene.entitlements;
				CODE_SIGN_STYLE = Automatic;
				CURRENT_PROJECT_VERSION = 1;
				DEVELOPMENT_ASSET_PATHS = "";
				DEVELOPMENT_TEAM = ZYF5X8SV2F;
				ENABLE_HARDENED_RUNTIME = YES;
				ENABLE_PREVIEWS = YES;
				GENERATE_INFOPLIST_FILE = YES;
				INFOPLIST_KEY_CFBundleDisplayName = Miocene;
				INFOPLIST_KEY_LSApplicationCategoryType = "public.app-category.social-networking";
				"INFOPLIST_KEY_UIApplicationSceneManifest_Generation[sdk=iphoneos*]" = YES;
				"INFOPLIST_KEY_UIApplicationSceneManifest_Generation[sdk=iphonesimulator*]" = YES;
				"INFOPLIST_KEY_UIApplicationSupportsIndirectInputEvents[sdk=iphoneos*]" = YES;
				"INFOPLIST_KEY_UIApplicationSupportsIndirectInputEvents[sdk=iphonesimulator*]" = YES;
				"INFOPLIST_KEY_UILaunchScreen_Generation[sdk=iphoneos*]" = YES;
				"INFOPLIST_KEY_UILaunchScreen_Generation[sdk=iphonesimulator*]" = YES;
				"INFOPLIST_KEY_UIStatusBarStyle[sdk=iphoneos*]" = UIStatusBarStyleDefault;
				"INFOPLIST_KEY_UIStatusBarStyle[sdk=iphonesimulator*]" = UIStatusBarStyleDefault;
				INFOPLIST_KEY_UISupportedInterfaceOrientations_iPad = "UIInterfaceOrientationPortrait UIInterfaceOrientationPortraitUpsideDown UIInterfaceOrientationLandscapeLeft UIInterfaceOrientationLandscapeRight";
				INFOPLIST_KEY_UISupportedInterfaceOrientations_iPhone = "UIInterfaceOrientationPortrait UIInterfaceOrientationLandscapeLeft UIInterfaceOrientationLandscapeRight";
				IPHONEOS_DEPLOYMENT_TARGET = 16.2;
				LD_RUNPATH_SEARCH_PATHS = "@executable_path/Frameworks";
				"LD_RUNPATH_SEARCH_PATHS[sdk=macosx*]" = "@executable_path/../Frameworks";
				MACOSX_DEPLOYMENT_TARGET = 13.1;
				MARKETING_VERSION = 1.0;
				PRODUCT_BUNDLE_IDENTIFIER = shyfrogproductions.com.Mioscene;
				PRODUCT_NAME = "$(TARGET_NAME)";
				SDKROOT = auto;
				SUPPORTED_PLATFORMS = "iphoneos iphonesimulator macosx";
				SWIFT_EMIT_LOC_STRINGS = YES;
				SWIFT_VERSION = 5.0;
				TARGETED_DEVICE_FAMILY = "1,2";
			};
			name = Debug;
		};
		AE06EBFD294D16BC006CAB67 /* Release */ = {
			isa = XCBuildConfiguration;
			buildSettings = {
				ASSETCATALOG_COMPILER_APPICON_NAME = AppIcon;
				ASSETCATALOG_COMPILER_GLOBAL_ACCENT_COLOR_NAME = AccentColor;
				CODE_SIGN_ENTITLEMENTS = Mioscene/Mioscene.entitlements;
				CODE_SIGN_STYLE = Automatic;
				CURRENT_PROJECT_VERSION = 1;
				DEVELOPMENT_ASSET_PATHS = "";
				DEVELOPMENT_TEAM = ZYF5X8SV2F;
				ENABLE_HARDENED_RUNTIME = YES;
				ENABLE_PREVIEWS = YES;
				GENERATE_INFOPLIST_FILE = YES;
				INFOPLIST_KEY_CFBundleDisplayName = Miocene;
				INFOPLIST_KEY_LSApplicationCategoryType = "public.app-category.social-networking";
				"INFOPLIST_KEY_UIApplicationSceneManifest_Generation[sdk=iphoneos*]" = YES;
				"INFOPLIST_KEY_UIApplicationSceneManifest_Generation[sdk=iphonesimulator*]" = YES;
				"INFOPLIST_KEY_UIApplicationSupportsIndirectInputEvents[sdk=iphoneos*]" = YES;
				"INFOPLIST_KEY_UIApplicationSupportsIndirectInputEvents[sdk=iphonesimulator*]" = YES;
				"INFOPLIST_KEY_UILaunchScreen_Generation[sdk=iphoneos*]" = YES;
				"INFOPLIST_KEY_UILaunchScreen_Generation[sdk=iphonesimulator*]" = YES;
				"INFOPLIST_KEY_UIStatusBarStyle[sdk=iphoneos*]" = UIStatusBarStyleDefault;
				"INFOPLIST_KEY_UIStatusBarStyle[sdk=iphonesimulator*]" = UIStatusBarStyleDefault;
				INFOPLIST_KEY_UISupportedInterfaceOrientations_iPad = "UIInterfaceOrientationPortrait UIInterfaceOrientationPortraitUpsideDown UIInterfaceOrientationLandscapeLeft UIInterfaceOrientationLandscapeRight";
				INFOPLIST_KEY_UISupportedInterfaceOrientations_iPhone = "UIInterfaceOrientationPortrait UIInterfaceOrientationLandscapeLeft UIInterfaceOrientationLandscapeRight";
				IPHONEOS_DEPLOYMENT_TARGET = 16.2;
				LD_RUNPATH_SEARCH_PATHS = "@executable_path/Frameworks";
				"LD_RUNPATH_SEARCH_PATHS[sdk=macosx*]" = "@executable_path/../Frameworks";
				MACOSX_DEPLOYMENT_TARGET = 13.1;
				MARKETING_VERSION = 1.0;
				PRODUCT_BUNDLE_IDENTIFIER = shyfrogproductions.com.Mioscene;
				PRODUCT_NAME = "$(TARGET_NAME)";
				SDKROOT = auto;
				SUPPORTED_PLATFORMS = "iphoneos iphonesimulator macosx";
				SWIFT_EMIT_LOC_STRINGS = YES;
				SWIFT_VERSION = 5.0;
				TARGETED_DEVICE_FAMILY = "1,2";
			};
			name = Release;
		};
/* End XCBuildConfiguration section */

/* Begin XCConfigurationList section */
		AE06EBE7294D16BB006CAB67 /* Build configuration list for PBXProject "Mioscene" */ = {
			isa = XCConfigurationList;
			buildConfigurations = (
				AE06EBF9294D16BC006CAB67 /* Debug */,
				AE06EBFA294D16BC006CAB67 /* Release */,
			);
			defaultConfigurationIsVisible = 0;
			defaultConfigurationName = Release;
		};
		AE06EBFB294D16BC006CAB67 /* Build configuration list for PBXNativeTarget "Mioscene" */ = {
			isa = XCConfigurationList;
			buildConfigurations = (
				AE06EBFC294D16BC006CAB67 /* Debug */,
				AE06EBFD294D16BC006CAB67 /* Release */,
			);
			defaultConfigurationIsVisible = 0;
			defaultConfigurationName = Release;
		};
/* End XCConfigurationList section */

/* Begin XCRemoteSwiftPackageReference section */
		AE28C5F229635DE600C8C928 /* XCRemoteSwiftPackageReference "keychain-swift" */ = {
			isa = XCRemoteSwiftPackageReference;
			repositoryURL = "https://github.com/evgenyneu/keychain-swift.git";
			requirement = {
				branch = master;
				kind = branch;
			};
		};
		AE28C5F52963717D00C8C928 /* XCRemoteSwiftPackageReference "GRDB.swift" */ = {
			isa = XCRemoteSwiftPackageReference;
			repositoryURL = "https://github.com/groue/GRDB.swift.git";
			requirement = {
				branch = master;
				kind = branch;
			};
		};
/* End XCRemoteSwiftPackageReference section */

/* Begin XCSwiftPackageProductDependency section */
		AE28C5E1295B723A00C8C928 /* MastodonKit */ = {
			isa = XCSwiftPackageProductDependency;
			productName = MastodonKit;
		};
		AE28C5F329635DE600C8C928 /* KeychainSwift */ = {
			isa = XCSwiftPackageProductDependency;
			package = AE28C5F229635DE600C8C928 /* XCRemoteSwiftPackageReference "keychain-swift" */;
			productName = KeychainSwift;
		};
		AE28C5F62963717D00C8C928 /* GRDB */ = {
			isa = XCSwiftPackageProductDependency;
			package = AE28C5F52963717D00C8C928 /* XCRemoteSwiftPackageReference "GRDB.swift" */;
			productName = GRDB;
		};
/* End XCSwiftPackageProductDependency section */
	};
	rootObject = AE06EBE4294D16BB006CAB67 /* Project object */;
}
